
Microsoft Visual Studio Solution File, Format Version 12.00
# Visual Studio Version 16
VisualStudioVersion = 16.0.31424.327
MinimumVisualStudioVersion = 10.0.40219.1
Project("{FAE04EC0-301F-11D3-BF4B-00C04F79EFBC}") = "ProjetoEstagio", "ProjetoEstagio.csproj", "{4F0B290A-7AB2-49D0-B2ED-78BB997868F1}"
EndProject
Global
	GlobalSection(SolutionConfigurationPlatforms) = preSolution
		Debug|Any CPU = Debug|Any CPU
		Release|Any CPU = Release|Any CPU
	EndGlobalSection
	GlobalSection(ProjectConfigurationPlatforms) = postSolution
		{4F0B290A-7AB2-49D0-B2ED-78BB997868F1}.Debug|Any CPU.ActiveCfg = Debug|Any CPU
		{4F0B290A-7AB2-49D0-B2ED-78BB997868F1}.Debug|Any CPU.Build.0 = Debug|Any CPU
		{4F0B290A-7AB2-49D0-B2ED-78BB997868F1}.Release|Any CPU.ActiveCfg = Release|Any CPU
		{4F0B290A-7AB2-49D0-B2ED-78BB997868F1}.Release|Any CPU.Build.0 = Release|Any CPU
	EndGlobalSection
	GlobalSection(SolutionProperties) = preSolution
		HideSolutionNode = FALSE
	EndGlobalSection
	GlobalSection(ExtensibilityGlobals) = postSolution
		SolutionGuid = {A118F8AD-FDB8-453A-8084-32CAE6B2183A}
	EndGlobalSection
EndGlobal
